
Microsoft Visual Studio Solution File, Format Version 12.00
# Visual Studio 15
VisualStudioVersion = 15.0.28010.2046
MinimumVisualStudioVersion = 10.0.40219.1
Project("{FAE04EC0-301F-11D3-BF4B-00C04F79EFBC}") = "dmMoWizz", "dmMoWizz\dmMoWizz.csproj", "{BCFB7288-F181-4DB0-AECE-E4C8AF74EE2A}"
EndProject
Global
	GlobalSection(SolutionConfigurationPlatforms) = preSolution
		Debug|Any CPU = Debug|Any CPU
		Release|Any CPU = Release|Any CPU
	EndGlobalSection
	GlobalSection(ProjectConfigurationPlatforms) = postSolution
		{BCFB7288-F181-4DB0-AECE-E4C8AF74EE2A}.Debug|Any CPU.ActiveCfg = Debug|Any CPU
		{BCFB7288-F181-4DB0-AECE-E4C8AF74EE2A}.Debug|Any CPU.Build.0 = Debug|Any CPU
		{BCFB7288-F181-4DB0-AECE-E4C8AF74EE2A}.Release|Any CPU.ActiveCfg = Release|Any CPU
		{BCFB7288-F181-4DB0-AECE-E4C8AF74EE2A}.Release|Any CPU.Build.0 = Release|Any CPU
	EndGlobalSection
	GlobalSection(SolutionProperties) = preSolution
		HideSolutionNode = FALSE
	EndGlobalSection
	GlobalSection(ExtensibilityGlobals) = postSolution
		SolutionGuid = {D0E05CBA-FB9B-4973-B557-3B17925A8236}
	EndGlobalSection
EndGlobal
